
Microsoft Visual Studio Solution File, Format Version 12.00
# Visual Studio Version 17
VisualStudioVersion = 17.12.35707.178 d17.12
MinimumVisualStudioVersion = 10.0.40219.1
Project("{FAE04EC0-301F-11D3-BF4B-00C04F79EFBC}") = "FolderSynchronizer", "FolderSynchronizer\FolderSynchronizer.csproj", "{A5456EA8-B388-4FC0-85BF-D630742562FD}"
EndProject
Global
	GlobalSection(SolutionConfigurationPlatforms) = preSolution
		Debug|Any CPU = Debug|Any CPU
		Release|Any CPU = Release|Any CPU
	EndGlobalSection
	GlobalSection(ProjectConfigurationPlatforms) = postSolution
		{A5456EA8-B388-4FC0-85BF-D630742562FD}.Debug|Any CPU.ActiveCfg = Debug|Any CPU
		{A5456EA8-B388-4FC0-85BF-D630742562FD}.Debug|Any CPU.Build.0 = Debug|Any CPU
		{A5456EA8-B388-4FC0-85BF-D630742562FD}.Release|Any CPU.ActiveCfg = Release|Any CPU
		{A5456EA8-B388-4FC0-85BF-D630742562FD}.Release|Any CPU.Build.0 = Release|Any CPU
	EndGlobalSection
	GlobalSection(SolutionProperties) = preSolution
		HideSolutionNode = FALSE
	EndGlobalSection
EndGlobal
